
Microsoft Visual Studio Solution File, Format Version 12.00
# Visual Studio Version 16
VisualStudioVersion = 16.0.31911.196
MinimumVisualStudioVersion = 10.0.40219.1
Project("{9A19103F-16F7-4668-BE54-9A1E7A4F7556}") = "DistributedTracing.API", "DistributedTracing.API\DistributedTracing.API.csproj", "{EC5622BF-AB73-470A-8ADC-9F9FA921FE3B}"
EndProject
Project("{9A19103F-16F7-4668-BE54-9A1E7A4F7556}") = "DistributedTracing.Messages", "DistributedTracing.Messages\DistributedTracing.Messages.csproj", "{CD2A7FC0-D1BD-400E-A98E-020FC4D99D81}"
EndProject
Project("{9A19103F-16F7-4668-BE54-9A1E7A4F7556}") = "DistributedTracing.Ordering.Endpoint", "DistributedTracing.Ordering\DistributedTracing.Ordering.Endpoint.csproj", "{E1426294-E13C-4284-AE4D-4DAB62CDD5A1}"
EndProject
Project("{2150E333-8FDC-42A3-9474-1A3956D46DE8}") = "Solution Items", "Solution Items", "{A7FC86D0-DACE-496A-B024-47607EAE78D4}"
	ProjectSection(SolutionItems) = preProject
		todo.txt = todo.txt
	EndProjectSection
EndProject
Project("{9A19103F-16F7-4668-BE54-9A1E7A4F7556}") = "DistributedTracing.Billing.Endpoint", "DistributedTracing.Billing.Endpoint\DistributedTracing.Billing.Endpoint.csproj", "{1FE491AA-A636-4D62-B94F-2F0F955ED160}"
EndProject
Project("{9A19103F-16F7-4668-BE54-9A1E7A4F7556}") = "DistributedTracing.Shipping.Endpoint", "DistributedTracing.Shipping.Endpoint\DistributedTracing.Shipping.Endpoint.csproj", "{0EC4EA21-E48C-4962-98BB-4BC654D2F28C}"
EndProject
Project("{9A19103F-16F7-4668-BE54-9A1E7A4F7556}") = "DistributedTracing.Entities", "DistributedTracing.Entities\DistributedTracing.Entities.csproj", "{74F69336-2221-4689-93D0-3D8EEB7F7ACF}"
EndProject
Project("{FAE04EC0-301F-11D3-BF4B-00C04F79EFBC}") = "DistributedTracing.FedEx.API", "DistributedTracing.FedEx.API\DistributedTracing.FedEx.API.csproj", "{EEBEB3F6-9E9E-4C15-B951-0D6531E606ED}"
EndProject
Global
	GlobalSection(SolutionConfigurationPlatforms) = preSolution
		Debug|Any CPU = Debug|Any CPU
		Release|Any CPU = Release|Any CPU
	EndGlobalSection
	GlobalSection(ProjectConfigurationPlatforms) = postSolution
		{EC5622BF-AB73-470A-8ADC-9F9FA921FE3B}.Debug|Any CPU.ActiveCfg = Debug|Any CPU
		{EC5622BF-AB73-470A-8ADC-9F9FA921FE3B}.Debug|Any CPU.Build.0 = Debug|Any CPU
		{EC5622BF-AB73-470A-8ADC-9F9FA921FE3B}.Release|Any CPU.ActiveCfg = Release|Any CPU
		{EC5622BF-AB73-470A-8ADC-9F9FA921FE3B}.Release|Any CPU.Build.0 = Release|Any CPU
		{CD2A7FC0-D1BD-400E-A98E-020FC4D99D81}.Debug|Any CPU.ActiveCfg = Debug|Any CPU
		{CD2A7FC0-D1BD-400E-A98E-020FC4D99D81}.Debug|Any CPU.Build.0 = Debug|Any CPU
		{CD2A7FC0-D1BD-400E-A98E-020FC4D99D81}.Release|Any CPU.ActiveCfg = Release|Any CPU
		{CD2A7FC0-D1BD-400E-A98E-020FC4D99D81}.Release|Any CPU.Build.0 = Release|Any CPU
		{E1426294-E13C-4284-AE4D-4DAB62CDD5A1}.Debug|Any CPU.ActiveCfg = Debug|Any CPU
		{E1426294-E13C-4284-AE4D-4DAB62CDD5A1}.Debug|Any CPU.Build.0 = Debug|Any CPU
		{E1426294-E13C-4284-AE4D-4DAB62CDD5A1}.Release|Any CPU.ActiveCfg = Release|Any CPU
		{E1426294-E13C-4284-AE4D-4DAB62CDD5A1}.Release|Any CPU.Build.0 = Release|Any CPU
		{1FE491AA-A636-4D62-B94F-2F0F955ED160}.Debug|Any CPU.ActiveCfg = Debug|Any CPU
		{1FE491AA-A636-4D62-B94F-2F0F955ED160}.Debug|Any CPU.Build.0 = Debug|Any CPU
		{1FE491AA-A636-4D62-B94F-2F0F955ED160}.Release|Any CPU.ActiveCfg = Release|Any CPU
		{1FE491AA-A636-4D62-B94F-2F0F955ED160}.Release|Any CPU.Build.0 = Release|Any CPU
		{0EC4EA21-E48C-4962-98BB-4BC654D2F28C}.Debug|Any CPU.ActiveCfg = Debug|Any CPU
		{0EC4EA21-E48C-4962-98BB-4BC654D2F28C}.Debug|Any CPU.Build.0 = Debug|Any CPU
		{0EC4EA21-E48C-4962-98BB-4BC654D2F28C}.Release|Any CPU.ActiveCfg = Release|Any CPU
		{0EC4EA21-E48C-4962-98BB-4BC654D2F28C}.Release|Any CPU.Build.0 = Release|Any CPU
		{74F69336-2221-4689-93D0-3D8EEB7F7ACF}.Debug|Any CPU.ActiveCfg = Debug|Any CPU
		{74F69336-2221-4689-93D0-3D8EEB7F7ACF}.Debug|Any CPU.Build.0 = Debug|Any CPU
		{74F69336-2221-4689-93D0-3D8EEB7F7ACF}.Release|Any CPU.ActiveCfg = Release|Any CPU
		{74F69336-2221-4689-93D0-3D8EEB7F7ACF}.Release|Any CPU.Build.0 = Release|Any CPU
		{EEBEB3F6-9E9E-4C15-B951-0D6531E606ED}.Debug|Any CPU.ActiveCfg = Debug|Any CPU
		{EEBEB3F6-9E9E-4C15-B951-0D6531E606ED}.Debug|Any CPU.Build.0 = Debug|Any CPU
		{EEBEB3F6-9E9E-4C15-B951-0D6531E606ED}.Release|Any CPU.ActiveCfg = Release|Any CPU
		{EEBEB3F6-9E9E-4C15-B951-0D6531E606ED}.Release|Any CPU.Build.0 = Release|Any CPU
	EndGlobalSection
	GlobalSection(SolutionProperties) = preSolution
		HideSolutionNode = FALSE
	EndGlobalSection
	GlobalSection(ExtensibilityGlobals) = postSolution
		SolutionGuid = {CB96AE64-D009-49FE-BFC6-0E3F515FA00D}
	EndGlobalSection
EndGlobal
